
Microsoft Visual Studio Solution File, Format Version 12.00
# Visual Studio Version 16
VisualStudioVersion = 16.0.29519.181
MinimumVisualStudioVersion = 10.0.40219.1
Project("{FAE04EC0-301F-11D3-BF4B-00C04F79EFBC}") = "Client", "Client\Client.csproj", "{FD82E797-424C-41E5-923A-52BC3B15FA20}"
EndProject
Global
	GlobalSection(SolutionConfigurationPlatforms) = preSolution
		Debug|Any CPU = Debug|Any CPU
		Release|Any CPU = Release|Any CPU
	EndGlobalSection
	GlobalSection(ProjectConfigurationPlatforms) = postSolution
		{FD82E797-424C-41E5-923A-52BC3B15FA20}.Debug|Any CPU.ActiveCfg = Debug|Any CPU
		{FD82E797-424C-41E5-923A-52BC3B15FA20}.Debug|Any CPU.Build.0 = Debug|Any CPU
		{FD82E797-424C-41E5-923A-52BC3B15FA20}.Release|Any CPU.ActiveCfg = Release|Any CPU
		{FD82E797-424C-41E5-923A-52BC3B15FA20}.Release|Any CPU.Build.0 = Release|Any CPU
	EndGlobalSection
	GlobalSection(SolutionProperties) = preSolution
		HideSolutionNode = FALSE
	EndGlobalSection
	GlobalSection(ExtensibilityGlobals) = postSolution
		SolutionGuid = {88FC9872-1B31-400B-BA8F-D4303F81BFA0}
	EndGlobalSection
EndGlobal
